
Microsoft Visual Studio Solution File, Format Version 12.00
# Visual Studio Version 17
VisualStudioVersion = 17.11.35219.272
MinimumVisualStudioVersion = 10.0.40219.1
Project("{FAE04EC0-301F-11D3-BF4B-00C04F79EFBC}") = "healthmanagementapi", "healthmanagementapi\healthmanagementapi.csproj", "{777F4639-DC5C-473E-AB8F-638DA0044FFF}"
EndProject
Global
	GlobalSection(SolutionConfigurationPlatforms) = preSolution
		Debug|Any CPU = Debug|Any CPU
		Release|Any CPU = Release|Any CPU
	EndGlobalSection
	GlobalSection(ProjectConfigurationPlatforms) = postSolution
		{777F4639-DC5C-473E-AB8F-638DA0044FFF}.Debug|Any CPU.ActiveCfg = Debug|Any CPU
		{777F4639-DC5C-473E-AB8F-638DA0044FFF}.Debug|Any CPU.Build.0 = Debug|Any CPU
		{777F4639-DC5C-473E-AB8F-638DA0044FFF}.Release|Any CPU.ActiveCfg = Release|Any CPU
		{777F4639-DC5C-473E-AB8F-638DA0044FFF}.Release|Any CPU.Build.0 = Release|Any CPU
	EndGlobalSection
	GlobalSection(SolutionProperties) = preSolution
		HideSolutionNode = FALSE
	EndGlobalSection
	GlobalSection(ExtensibilityGlobals) = postSolution
		SolutionGuid = {DDF6A7A8-B44A-4C8D-BCF1-A4982F924010}
	EndGlobalSection
EndGlobal
